
Microsoft Visual Studio Solution File, Format Version 12.00
# Visual Studio Version 17
VisualStudioVersion = 17.8.34330.188
MinimumVisualStudioVersion = 10.0.40219.1
Project("{9A19103F-16F7-4668-BE54-9A1E7A4F7556}") = "Quiz 2", "Quiz 2.csproj", "{B10802E8-0F93-4CAE-8A2B-44FA2A8E5E26}"
EndProject
Project("{54435603-DBB4-11D2-8724-00A0C9A8B90C}") = "Quiz Setup1", "..\Quiz Setup1\Quiz Setup1.vdproj", "{1473D22D-BEAB-45CB-9B66-04C6A5FA1D1C}"
EndProject
Global
	GlobalSection(SolutionConfigurationPlatforms) = preSolution
		Debug|Any CPU = Debug|Any CPU
		Release|Any CPU = Release|Any CPU
	EndGlobalSection
	GlobalSection(ProjectConfigurationPlatforms) = postSolution
		{B10802E8-0F93-4CAE-8A2B-44FA2A8E5E26}.Debug|Any CPU.ActiveCfg = Debug|Any CPU
		{B10802E8-0F93-4CAE-8A2B-44FA2A8E5E26}.Debug|Any CPU.Build.0 = Debug|Any CPU
		{B10802E8-0F93-4CAE-8A2B-44FA2A8E5E26}.Release|Any CPU.ActiveCfg = Release|Any CPU
		{B10802E8-0F93-4CAE-8A2B-44FA2A8E5E26}.Release|Any CPU.Build.0 = Release|Any CPU
		{1473D22D-BEAB-45CB-9B66-04C6A5FA1D1C}.Debug|Any CPU.ActiveCfg = Debug
		{1473D22D-BEAB-45CB-9B66-04C6A5FA1D1C}.Release|Any CPU.ActiveCfg = Release
	EndGlobalSection
	GlobalSection(SolutionProperties) = preSolution
		HideSolutionNode = FALSE
	EndGlobalSection
	GlobalSection(ExtensibilityGlobals) = postSolution
		SolutionGuid = {D027BE67-689E-4BCC-9034-F23A4C058120}
	EndGlobalSection
EndGlobal
